
Microsoft Visual Studio Solution File, Format Version 12.00
# Visual Studio Version 16
VisualStudioVersion = 16.0.29403.142
MinimumVisualStudioVersion = 15.0.26124.0
Project("{9A19103F-16F7-4668-BE54-9A1E7A4F7556}") = "Sorter.Tests", "Sorter.Tests\Sorter.Tests.csproj", "{CEF9154A-E44E-4CC6-98A6-0CA9B6EDFA44}"
EndProject
Project("{9A19103F-16F7-4668-BE54-9A1E7A4F7556}") = "Sorter", "Sorter\Sorter.csproj", "{9B7736CD-7797-41D5-B6ED-F625664AF3A5}"
EndProject
Global
	GlobalSection(SolutionConfigurationPlatforms) = preSolution
		Debug|Any CPU = Debug|Any CPU
		Debug|x64 = Debug|x64
		Debug|x86 = Debug|x86
		Release|Any CPU = Release|Any CPU
		Release|x64 = Release|x64
		Release|x86 = Release|x86
	EndGlobalSection
	GlobalSection(ProjectConfigurationPlatforms) = postSolution
		{CEF9154A-E44E-4CC6-98A6-0CA9B6EDFA44}.Debug|Any CPU.ActiveCfg = Debug|Any CPU
		{CEF9154A-E44E-4CC6-98A6-0CA9B6EDFA44}.Debug|Any CPU.Build.0 = Debug|Any CPU
		{CEF9154A-E44E-4CC6-98A6-0CA9B6EDFA44}.Debug|x64.ActiveCfg = Debug|Any CPU
		{CEF9154A-E44E-4CC6-98A6-0CA9B6EDFA44}.Debug|x64.Build.0 = Debug|Any CPU
		{CEF9154A-E44E-4CC6-98A6-0CA9B6EDFA44}.Debug|x86.ActiveCfg = Debug|Any CPU
		{CEF9154A-E44E-4CC6-98A6-0CA9B6EDFA44}.Debug|x86.Build.0 = Debug|Any CPU
		{CEF9154A-E44E-4CC6-98A6-0CA9B6EDFA44}.Release|Any CPU.ActiveCfg = Release|Any CPU
		{CEF9154A-E44E-4CC6-98A6-0CA9B6EDFA44}.Release|Any CPU.Build.0 = Release|Any CPU
		{CEF9154A-E44E-4CC6-98A6-0CA9B6EDFA44}.Release|x64.ActiveCfg = Release|Any CPU
		{CEF9154A-E44E-4CC6-98A6-0CA9B6EDFA44}.Release|x64.Build.0 = Release|Any CPU
		{CEF9154A-E44E-4CC6-98A6-0CA9B6EDFA44}.Release|x86.ActiveCfg = Release|Any CPU
		{CEF9154A-E44E-4CC6-98A6-0CA9B6EDFA44}.Release|x86.Build.0 = Release|Any CPU
		{9B7736CD-7797-41D5-B6ED-F625664AF3A5}.Debug|Any CPU.ActiveCfg = Debug|Any CPU
		{9B7736CD-7797-41D5-B6ED-F625664AF3A5}.Debug|Any CPU.Build.0 = Debug|Any CPU
		{9B7736CD-7797-41D5-B6ED-F625664AF3A5}.Debug|x64.ActiveCfg = Debug|Any CPU
		{9B7736CD-7797-41D5-B6ED-F625664AF3A5}.Debug|x64.Build.0 = Debug|Any CPU
		{9B7736CD-7797-41D5-B6ED-F625664AF3A5}.Debug|x86.ActiveCfg = Debug|Any CPU
		{9B7736CD-7797-41D5-B6ED-F625664AF3A5}.Debug|x86.Build.0 = Debug|Any CPU
		{9B7736CD-7797-41D5-B6ED-F625664AF3A5}.Release|Any CPU.ActiveCfg = Release|Any CPU
		{9B7736CD-7797-41D5-B6ED-F625664AF3A5}.Release|Any CPU.Build.0 = Release|Any CPU
		{9B7736CD-7797-41D5-B6ED-F625664AF3A5}.Release|x64.ActiveCfg = Release|Any CPU
		{9B7736CD-7797-41D5-B6ED-F625664AF3A5}.Release|x64.Build.0 = Release|Any CPU
		{9B7736CD-7797-41D5-B6ED-F625664AF3A5}.Release|x86.ActiveCfg = Release|Any CPU
		{9B7736CD-7797-41D5-B6ED-F625664AF3A5}.Release|x86.Build.0 = Release|Any CPU
	EndGlobalSection
	GlobalSection(SolutionProperties) = preSolution
		HideSolutionNode = FALSE
	EndGlobalSection
	GlobalSection(ExtensibilityGlobals) = postSolution
		SolutionGuid = {61B8431A-810C-4451-B27C-2C8BB13A1DD2}
	EndGlobalSection
EndGlobal
